// !$*UTF8*$!
{
	archiveVersion = 1;
	classes = {
	};
	objectVersion = 46;
	objects = {

/* Begin PBXBuildFile section */
		09E4FB4189B529F1A55882A7 /* Pods_TBF.framework in Frameworks */ = {isa = PBXBuildFile; fileRef = 76A2A114FCFD773C2AC394E9 /* Pods_TBF.framework */; };
		6041C73BD0DA2914C4708BE4 /* Pods_OneSignalNotificationServiceExtension.framework in Frameworks */ = {isa = PBXBuildFile; fileRef = 2D9D31210BB3906373B0EF79 /* Pods_OneSignalNotificationServiceExtension.framework */; };
		9F0D5E631EA614FC00702F45 /* SocialViewController.swift in Sources */ = {isa = PBXBuildFile; fileRef = 9F0D5E621EA614FC00702F45 /* SocialViewController.swift */; };
		9F0E25D61EAA026C00E8C1F5 /* Pods_OneSignalNotificationServiceExtension.framework in Frameworks */ = {isa = PBXBuildFile; fileRef = 9F0E25D51EAA026C00E8C1F5 /* Pods_OneSignalNotificationServiceExtension.framework */; };
		9F0E25D81EAA13B600E8C1F5 /* MessageUI.framework in Frameworks */ = {isa = PBXBuildFile; fileRef = 9F0E25D71EAA13B600E8C1F5 /* MessageUI.framework */; };
		9F1949601EA7E3D1000F409C /* BeerViewController.swift in Sources */ = {isa = PBXBuildFile; fileRef = 9F19495F1EA7E3D1000F409C /* BeerViewController.swift */; };
		9F22E1491F2E3EBE00EC0846 /* favTableViewController.swift in Sources */ = {isa = PBXBuildFile; fileRef = 9F22E1481F2E3EBD00EC0846 /* favTableViewController.swift */; };
		9F325C491EAE26FA0017CCAD /* home.html in Resources */ = {isa = PBXBuildFile; fileRef = 9F325C481EAE26FA0017CCAD /* home.html */; };
		9F325C4B1EAE27190017CCAD /* thurrockbeer.png in Resources */ = {isa = PBXBuildFile; fileRef = 9F325C4A1EAE27180017CCAD /* thurrockbeer.png */; };
		9F456E811F3642BC00C7BC1D /* GoogleService-Info.plist in Resources */ = {isa = PBXBuildFile; fileRef = 9F456E801F36425000C7BC1D /* GoogleService-Info.plist */; };
		9F607A411EA9FDBC00CB7C64 /* NotificationService.swift in Sources */ = {isa = PBXBuildFile; fileRef = 9F607A401EA9FDBC00CB7C64 /* NotificationService.swift */; };
		9F607A451EA9FDBC00CB7C64 /* OneSignalNotificationServiceExtension.appex in Embed App Extensions */ = {isa = PBXBuildFile; fileRef = 9F607A3E1EA9FDBC00CB7C64 /* OneSignalNotificationServiceExtension.appex */; settings = {ATTRIBUTES = (RemoveHeadersOnCopy, ); }; };
		9F62EBFB1EA8D55E00770E94 /* FindusViewController.swift in Sources */ = {isa = PBXBuildFile; fileRef = 9F62EBFA1EA8D55E00770E94 /* FindusViewController.swift */; };
		9F62EBFD1EA8DB2600770E94 /* d.html in Resources */ = {isa = PBXBuildFile; fileRef = 9F62EBFC1EA8DB2600770E94 /* d.html */; };
		9F7124DE1ED72F8D00764105 /* Band-List.pdf in Resources */ = {isa = PBXBuildFile; fileRef = 9F7124DD1ED72F8D00764105 /* Band-List.pdf */; };
		9F82C1411EA3CF400066CD59 /* AppDelegate.swift in Sources */ = {isa = PBXBuildFile; fileRef = 9F82C1401EA3CF400066CD59 /* AppDelegate.swift */; };
		9F82C1431EA3CF400066CD59 /* FirstViewController.swift in Sources */ = {isa = PBXBuildFile; fileRef = 9F82C1421EA3CF400066CD59 /* FirstViewController.swift */; };
		9F82C1451EA3CF400066CD59 /* SecondViewController.swift in Sources */ = {isa = PBXBuildFile; fileRef = 9F82C1441EA3CF400066CD59 /* SecondViewController.swift */; };
		9F82C1481EA3CF400066CD59 /* Main.storyboard in Resources */ = {isa = PBXBuildFile; fileRef = 9F82C1461EA3CF400066CD59 /* Main.storyboard */; };
		9F82C14A1EA3CF400066CD59 /* Assets.xcassets in Resources */ = {isa = PBXBuildFile; fileRef = 9F82C1491EA3CF400066CD59 /* Assets.xcassets */; };
		9F82C14D1EA3CF400066CD59 /* LaunchScreen.storyboard in Resources */ = {isa = PBXBuildFile; fileRef = 9F82C14B1EA3CF400066CD59 /* LaunchScreen.storyboard */; };
		9F82C1561EA3D5560066CD59 /* MapKit.framework in Frameworks */ = {isa = PBXBuildFile; fileRef = 9F82C1551EA3D5560066CD59 /* MapKit.framework */; };
		9F82C1581EA3E87D0066CD59 /* mapview.swift in Sources */ = {isa = PBXBuildFile; fileRef = 9F82C1571EA3E87D0066CD59 /* mapview.swift */; };
		9F82C15A1EA422910066CD59 /* xml.swift in Sources */ = {isa = PBXBuildFile; fileRef = 9F82C1591EA422910066CD59 /* xml.swift */; };
		9F82C15C1EA42EF10066CD59 /* tabviewcontroller.swift in Sources */ = {isa = PBXBuildFile; fileRef = 9F82C15B1EA42EF10066CD59 /* tabviewcontroller.swift */; };
		9F86B2FB1F2BA22D008A91AB /* AEXML.framework in Frameworks */ = {isa = PBXBuildFile; fileRef = 9F86B2FA1F2BA22D008A91AB /* AEXML.framework */; };
		9F86B2FF1F2BA522008A91AB /* BeerTableViewController.swift in Sources */ = {isa = PBXBuildFile; fileRef = 9F86B2FE1F2BA522008A91AB /* BeerTableViewController.swift */; };
		9F86B3021F2BAFDF008A91AB /* beers.xml in Resources */ = {isa = PBXBuildFile; fileRef = 9F86B3001F2BA791008A91AB /* beers.xml */; };
		9F86B3061F2BBA9D008A91AB /* infoViewController.swift in Sources */ = {isa = PBXBuildFile; fileRef = 9F86B3051F2BBA9D008A91AB /* infoViewController.swift */; };
		9F903C771EAA379F00D7CA2C /* GoogleToolboxForMac.framework in Frameworks */ = {isa = PBXBuildFile; fileRef = 9F903C761EAA379F00D7CA2C /* GoogleToolboxForMac.framework */; };
		9F903C791EAA480E00D7CA2C /* EntertainmentViewController.swift in Sources */ = {isa = PBXBuildFile; fileRef = 9F903C781EAA480E00D7CA2C /* EntertainmentViewController.swift */; };
		9F978FD91F59BB66007D5573 /* Alamofire.framework in Frameworks */ = {isa = PBXBuildFile; fileRef = 9F978FDA1F59BB66007D5573 /* Alamofire.framework */; };
		9FA6E9CC1EAA9B8A000EB7A8 /* Settings.bundle in Resources */ = {isa = PBXBuildFile; fileRef = 9FA6E9CB1EAA9B8A000EB7A8 /* Settings.bundle */; };
		9FA6E9CE1EAA9EA9000EB7A8 /* ad.plist in Resources */ = {isa = PBXBuildFile; fileRef = 9FA6E9CD1EAA9EA9000EB7A8 /* ad.plist */; };
		9FC9F8221EED585F0096E237 /* Downloader.swift in Sources */ = {isa = PBXBuildFile; fileRef = 9FC9F8211EED585F0096E237 /* Downloader.swift */; };
		9FEB90121F2E8A2A00F4CFBA /* t.txt in Resources */ = {isa = PBXBuildFile; fileRef = 9FEB90111F2E8A2A00F4CFBA /* t.txt */; };
		9FFDD1CC1F5370B00002C8EC /* beerscellTableViewCell.swift in Sources */ = {isa = PBXBuildFile; fileRef = 9FFDD1CB1F5370B00002C8EC /* beerscellTableViewCell.swift */; };
		9FFDD1D11F5383200002C8EC /* globals.swift in Sources */ = {isa = PBXBuildFile; fileRef = 9FFDD1D01F5383200002C8EC /* globals.swift */; };
/* End PBXBuildFile section */

/* Begin PBXContainerItemProxy section */
		9F607A431EA9FDBC00CB7C64 /* PBXContainerItemProxy */ = {
			isa = PBXContainerItemProxy;
			containerPortal = 9F82C1351EA3CF400066CD59 /* Project object */;
			proxyType = 1;
			remoteGlobalIDString = 9F607A3D1EA9FDBC00CB7C64;
			remoteInfo = OneSignalNotificationServiceExtension;
		};
/* End PBXContainerItemProxy section */

/* Begin PBXCopyFilesBuildPhase section */
		9F58FFC01F5B5BA50016EBEF /* Embed Watch Content */ = {
			isa = PBXCopyFilesBuildPhase;
			buildActionMask = 2147483647;
			dstPath = "$(CONTENTS_FOLDER_PATH)/Watch";
			dstSubfolderSpec = 16;
			files = (
			);
			name = "Embed Watch Content";
			runOnlyForDeploymentPostprocessing = 0;
		};
		9F607A491EA9FDBC00CB7C64 /* Embed App Extensions */ = {
			isa = PBXCopyFilesBuildPhase;
			buildActionMask = 2147483647;
			dstPath = "";
			dstSubfolderSpec = 13;
			files = (
				9F607A451EA9FDBC00CB7C64 /* OneSignalNotificationServiceExtension.appex in Embed App Extensions */,
			);
			name = "Embed App Extensions";
			runOnlyForDeploymentPostprocessing = 0;
		};
/* End PBXCopyFilesBuildPhase section */

/* Begin PBXFileReference section */
		267C5D6DE526132AF3171F1A /* Pods-OneSignalNotificationServiceExtension.release.xcconfig */ = {isa = PBXFileReference; includeInIndex = 1; lastKnownFileType = text.xcconfig; name = "Pods-OneSignalNotificationServiceExtension.release.xcconfig"; path = "Pods/Target Support Files/Pods-OneSignalNotificationServiceExtension/Pods-OneSignalNotificationServiceExtension.release.xcconfig"; sourceTree = "<group>"; };
		268E7CE72BB10DA3407CD095 /* Pods-TBF.debug.xcconfig */ = {isa = PBXFileReference; includeInIndex = 1; lastKnownFileType = text.xcconfig; name = "Pods-TBF.debug.xcconfig"; path = "Pods/Target Support Files/Pods-TBF/Pods-TBF.debug.xcconfig"; sourceTree = "<group>"; };
		2D9D31210BB3906373B0EF79 /* Pods_OneSignalNotificationServiceExtension.framework */ = {isa = PBXFileReference; explicitFileType = wrapper.framework; includeInIndex = 0; path = Pods_OneSignalNotificationServiceExtension.framework; sourceTree = BUILT_PRODUCTS_DIR; };
		76A2A114FCFD773C2AC394E9 /* Pods_TBF.framework */ = {isa = PBXFileReference; explicitFileType = wrapper.framework; includeInIndex = 0; path = Pods_TBF.framework; sourceTree = BUILT_PRODUCTS_DIR; };
		7C64D827A8E3E56D33978520 /* Pods-TBF.release.xcconfig */ = {isa = PBXFileReference; includeInIndex = 1; lastKnownFileType = text.xcconfig; name = "Pods-TBF.release.xcconfig"; path = "Pods/Target Support Files/Pods-TBF/Pods-TBF.release.xcconfig"; sourceTree = "<group>"; };
		85EF1FAEBDBABF2CA5E44290 /* Pods-OneSignalNotificationServiceExtension.debug.xcconfig */ = {isa = PBXFileReference; includeInIndex = 1; lastKnownFileType = text.xcconfig; name = "Pods-OneSignalNotificationServiceExtension.debug.xcconfig"; path = "Pods/Target Support Files/Pods-OneSignalNotificationServiceExtension/Pods-OneSignalNotificationServiceExtension.debug.xcconfig"; sourceTree = "<group>"; };
		9F0D5E621EA614FC00702F45 /* SocialViewController.swift */ = {isa = PBXFileReference; fileEncoding = 4; lastKnownFileType = sourcecode.swift; path = SocialViewController.swift; sourceTree = "<group>"; };
		9F0E25D51EAA026C00E8C1F5 /* Pods_OneSignalNotificationServiceExtension.framework */ = {isa = PBXFileReference; lastKnownFileType = wrapper.framework; name = Pods_OneSignalNotificationServiceExtension.framework; path = "Pods/../build/Debug-iphoneos/Pods_OneSignalNotificationServiceExtension.framework"; sourceTree = "<group>"; };
		9F0E25D71EAA13B600E8C1F5 /* MessageUI.framework */ = {isa = PBXFileReference; lastKnownFileType = wrapper.framework; name = MessageUI.framework; path = System/Library/Frameworks/MessageUI.framework; sourceTree = SDKROOT; };
		9F19495F1EA7E3D1000F409C /* BeerViewController.swift */ = {isa = PBXFileReference; fileEncoding = 4; lastKnownFileType = sourcecode.swift; path = BeerViewController.swift; sourceTree = "<group>"; };
		9F22E1481F2E3EBD00EC0846 /* favTableViewController.swift */ = {isa = PBXFileReference; lastKnownFileType = sourcecode.swift; path = favTableViewController.swift; sourceTree = "<group>"; };
		9F325C481EAE26FA0017CCAD /* home.html */ = {isa = PBXFileReference; fileEncoding = 4; lastKnownFileType = text.html; path = home.html; sourceTree = "<group>"; };
		9F325C4A1EAE27180017CCAD /* thurrockbeer.png */ = {isa = PBXFileReference; lastKnownFileType = image.png; path = thurrockbeer.png; sourceTree = "<group>"; };
		9F456E801F36425000C7BC1D /* GoogleService-Info.plist */ = {isa = PBXFileReference; lastKnownFileType = text.plist.xml; path = "GoogleService-Info.plist"; sourceTree = "<group>"; };
		9F607A3E1EA9FDBC00CB7C64 /* OneSignalNotificationServiceExtension.appex */ = {isa = PBXFileReference; explicitFileType = "wrapper.app-extension"; includeInIndex = 0; path = OneSignalNotificationServiceExtension.appex; sourceTree = BUILT_PRODUCTS_DIR; };
		9F607A401EA9FDBC00CB7C64 /* NotificationService.swift */ = {isa = PBXFileReference; lastKnownFileType = sourcecode.swift; path = NotificationService.swift; sourceTree = "<group>"; };
		9F607A421EA9FDBC00CB7C64 /* Info.plist */ = {isa = PBXFileReference; lastKnownFileType = text.plist.xml; path = Info.plist; sourceTree = "<group>"; };
		9F607A4A1EAA007E00CB7C64 /* TBF.entitlements */ = {isa = PBXFileReference; lastKnownFileType = text.plist.entitlements; path = TBF.entitlements; sourceTree = "<group>"; };
		9F607A4B1EAA00AA00CB7C64 /* OneSignal.framework */ = {isa = PBXFileReference; lastKnownFileType = wrapper.framework; name = OneSignal.framework; path = Pods/OneSignal/iOS_SDK/OneSignalSDK/Framework/OneSignal.framework; sourceTree = "<group>"; };
		9F62EBFA1EA8D55E00770E94 /* FindusViewController.swift */ = {isa = PBXFileReference; fileEncoding = 4; lastKnownFileType = sourcecode.swift; path = FindusViewController.swift; sourceTree = "<group>"; };
		9F62EBFC1EA8DB2600770E94 /* d.html */ = {isa = PBXFileReference; fileEncoding = 4; lastKnownFileType = text.html; name = d.html; path = Assets.xcassets/dir.dataset/d.html; sourceTree = "<group>"; };
		9F7124DD1ED72F8D00764105 /* Band-List.pdf */ = {isa = PBXFileReference; lastKnownFileType = image.pdf; path = "Band-List.pdf"; sourceTree = "<group>"; };
		9F82C13D1EA3CF400066CD59 /* TBF.app */ = {isa = PBXFileReference; explicitFileType = wrapper.application; includeInIndex = 0; path = TBF.app; sourceTree = BUILT_PRODUCTS_DIR; };
		9F82C1401EA3CF400066CD59 /* AppDelegate.swift */ = {isa = PBXFileReference; lastKnownFileType = sourcecode.swift; path = AppDelegate.swift; sourceTree = "<group>"; };
		9F82C1421EA3CF400066CD59 /* FirstViewController.swift */ = {isa = PBXFileReference; lastKnownFileType = sourcecode.swift; path = FirstViewController.swift; sourceTree = "<group>"; };
		9F82C1441EA3CF400066CD59 /* SecondViewController.swift */ = {isa = PBXFileReference; lastKnownFileType = sourcecode.swift; path = SecondViewController.swift; sourceTree = "<group>"; };
		9F82C1471EA3CF400066CD59 /* Base */ = {isa = PBXFileReference; lastKnownFileType = file.storyboard; name = Base; path = Base.lproj/Main.storyboard; sourceTree = "<group>"; };
		9F82C1491EA3CF400066CD59 /* Assets.xcassets */ = {isa = PBXFileReference; lastKnownFileType = folder.assetcatalog; path = Assets.xcassets; sourceTree = "<group>"; };
		9F82C14C1EA3CF400066CD59 /* Base */ = {isa = PBXFileReference; lastKnownFileType = file.storyboard; name = Base; path = Base.lproj/LaunchScreen.storyboard; sourceTree = "<group>"; };
		9F82C14E1EA3CF400066CD59 /* Info.plist */ = {isa = PBXFileReference; lastKnownFileType = text.plist.xml; path = Info.plist; sourceTree = "<group>"; };
		9F82C1551EA3D5560066CD59 /* MapKit.framework */ = {isa = PBXFileReference; lastKnownFileType = wrapper.framework; name = MapKit.framework; path = System/Library/Frameworks/MapKit.framework; sourceTree = SDKROOT; };
		9F82C1571EA3E87D0066CD59 /* mapview.swift */ = {isa = PBXFileReference; fileEncoding = 4; lastKnownFileType = sourcecode.swift; name = mapview.swift; path = ../mapview.swift; sourceTree = "<group>"; };
		9F82C1591EA422910066CD59 /* xml.swift */ = {isa = PBXFileReference; fileEncoding = 4; lastKnownFileType = sourcecode.swift; path = xml.swift; sourceTree = "<group>"; };
		9F82C15B1EA42EF10066CD59 /* tabviewcontroller.swift */ = {isa = PBXFileReference; fileEncoding = 4; lastKnownFileType = sourcecode.swift; path = tabviewcontroller.swift; sourceTree = "<group>"; };
		9F86B2FA1F2BA22D008A91AB /* AEXML.framework */ = {isa = PBXFileReference; lastKnownFileType = wrapper.framework; name = AEXML.framework; path = "../../../Library/Developer/Xcode/DerivedData/TBF-eadoqqaxszjblaguhnskjabgeerz/Build/Products/Debug-iphoneos/AEXML/AEXML.framework"; sourceTree = "<group>"; };
		9F86B2FE1F2BA522008A91AB /* BeerTableViewController.swift */ = {isa = PBXFileReference; lastKnownFileType = sourcecode.swift; path = BeerTableViewController.swift; sourceTree = "<group>"; };
		9F86B3001F2BA791008A91AB /* beers.xml */ = {isa = PBXFileReference; lastKnownFileType = text.xml; path = beers.xml; sourceTree = "<group>"; };
		9F86B3051F2BBA9D008A91AB /* infoViewController.swift */ = {isa = PBXFileReference; lastKnownFileType = sourcecode.swift; path = infoViewController.swift; sourceTree = "<group>"; };
		9F903C741EAA362900D7CA2C /* GoogleMobileAds.framework */ = {isa = PBXFileReference; lastKnownFileType = wrapper.framework; path = GoogleMobileAds.framework; sourceTree = "<group>"; };
		9F903C761EAA379F00D7CA2C /* GoogleToolboxForMac.framework */ = {isa = PBXFileReference; lastKnownFileType = wrapper.framework; name = GoogleToolboxForMac.framework; path = "Pods/../build/Debug-iphoneos/GoogleToolboxForMac/GoogleToolboxForMac.framework"; sourceTree = "<group>"; };
		9F903C781EAA480E00D7CA2C /* EntertainmentViewController.swift */ = {isa = PBXFileReference; fileEncoding = 4; lastKnownFileType = sourcecode.swift; path = EntertainmentViewController.swift; sourceTree = "<group>"; };
		9F978FDA1F59BB66007D5573 /* Alamofire.framework */ = {isa = PBXFileReference; explicitFileType = wrapper.framework; path = Alamofire.framework; sourceTree = BUILT_PRODUCTS_DIR; };
		9FA6E9CB1EAA9B8A000EB7A8 /* Settings.bundle */ = {isa = PBXFileReference; lastKnownFileType = "wrapper.plug-in"; path = Settings.bundle; sourceTree = "<group>"; };
		9FA6E9CD1EAA9EA9000EB7A8 /* ad.plist */ = {isa = PBXFileReference; fileEncoding = 4; lastKnownFileType = text.plist.xml; path = ad.plist; sourceTree = "<group>"; };
		9FC9F81F1EED58480096E237 /* SwiftCSV.framework */ = {isa = PBXFileReference; lastKnownFileType = wrapper.framework; name = SwiftCSV.framework; path = "Pods/../build/Debug-iphoneos/SwiftCSV/SwiftCSV.framework"; sourceTree = "<group>"; };
		9FC9F8211EED585F0096E237 /* Downloader.swift */ = {isa = PBXFileReference; lastKnownFileType = sourcecode.swift; path = Downloader.swift; sourceTree = "<group>"; };
		9FEB90111F2E8A2A00F4CFBA /* t.txt */ = {isa = PBXFileReference; lastKnownFileType = text; path = t.txt; sourceTree = "<group>"; };
		9FFBA7B21F5C844F00438F1D /* AssistantKit.framework */ = {isa = PBXFileReference; explicitFileType = wrapper.framework; path = AssistantKit.framework; sourceTree = BUILT_PRODUCTS_DIR; };
		9FFBA7B41F5C847300438F1D /* AssistantKit.framework */ = {isa = PBXFileReference; explicitFileType = wrapper.framework; path = AssistantKit.framework; sourceTree = BUILT_PRODUCTS_DIR; };
		9FFDD1CB1F5370B00002C8EC /* beerscellTableViewCell.swift */ = {isa = PBXFileReference; lastKnownFileType = sourcecode.swift; path = beerscellTableViewCell.swift; sourceTree = "<group>"; };
		9FFDD1D01F5383200002C8EC /* globals.swift */ = {isa = PBXFileReference; lastKnownFileType = sourcecode.swift; path = globals.swift; sourceTree = "<group>"; };
/* End PBXFileReference section */

/* Begin PBXFrameworksBuildPhase section */
		9F607A3B1EA9FDBC00CB7C64 /* Frameworks */ = {
			isa = PBXFrameworksBuildPhase;
			buildActionMask = 2147483647;
			files = (
				6041C73BD0DA2914C4708BE4 /* Pods_OneSignalNotificationServiceExtension.framework in Frameworks */,
			);
			runOnlyForDeploymentPostprocessing = 0;
		};
		9F82C13A1EA3CF400066CD59 /* Frameworks */ = {
			isa = PBXFrameworksBuildPhase;
			buildActionMask = 2147483647;
			files = (
				9F978FD91F59BB66007D5573 /* Alamofire.framework in Frameworks */,
				9F86B2FB1F2BA22D008A91AB /* AEXML.framework in Frameworks */,
				9F903C771EAA379F00D7CA2C /* GoogleToolboxForMac.framework in Frameworks */,
				9F0E25D81EAA13B600E8C1F5 /* MessageUI.framework in Frameworks */,
				9F0E25D61EAA026C00E8C1F5 /* Pods_OneSignalNotificationServiceExtension.framework in Frameworks */,
				9F82C1561EA3D5560066CD59 /* MapKit.framework in Frameworks */,
				09E4FB4189B529F1A55882A7 /* Pods_TBF.framework in Frameworks */,
			);
			runOnlyForDeploymentPostprocessing = 0;
		};
/* End PBXFrameworksBuildPhase section */

/* Begin PBXGroup section */
		39562F333010B006E9E35FB5 /* Pods */ = {
			isa = PBXGroup;
			children = (
				268E7CE72BB10DA3407CD095 /* Pods-TBF.debug.xcconfig */,
				7C64D827A8E3E56D33978520 /* Pods-TBF.release.xcconfig */,
				85EF1FAEBDBABF2CA5E44290 /* Pods-OneSignalNotificationServiceExtension.debug.xcconfig */,
				267C5D6DE526132AF3171F1A /* Pods-OneSignalNotificationServiceExtension.release.xcconfig */,
			);
			name = Pods;
			sourceTree = "<group>";
		};
		9F607A3F1EA9FDBC00CB7C64 /* OneSignalNotificationServiceExtension */ = {
			isa = PBXGroup;
			children = (
				9F607A401EA9FDBC00CB7C64 /* NotificationService.swift */,
				9F607A421EA9FDBC00CB7C64 /* Info.plist */,
			);
			path = OneSignalNotificationServiceExtension;
			sourceTree = "<group>";
		};
		9F82C1341EA3CF400066CD59 = {
			isa = PBXGroup;
			children = (
				9FA6E9CD1EAA9EA9000EB7A8 /* ad.plist */,
				9FA6E9CB1EAA9B8A000EB7A8 /* Settings.bundle */,
				9F82C13F1EA3CF400066CD59 /* TBF */,
				9F607A3F1EA9FDBC00CB7C64 /* OneSignalNotificationServiceExtension */,
				9F82C13E1EA3CF400066CD59 /* Products */,
				9F82C1541EA3D5560066CD59 /* Frameworks */,
				39562F333010B006E9E35FB5 /* Pods */,
			);
			sourceTree = "<group>";
		};
		9F82C13E1EA3CF400066CD59 /* Products */ = {
			isa = PBXGroup;
			children = (
				9F82C13D1EA3CF400066CD59 /* TBF.app */,
				9F607A3E1EA9FDBC00CB7C64 /* OneSignalNotificationServiceExtension.appex */,
			);
			name = Products;
			sourceTree = "<group>";
		};
		9F82C13F1EA3CF400066CD59 /* TBF */ = {
			isa = PBXGroup;
			children = (
				9F607A4A1EAA007E00CB7C64 /* TBF.entitlements */,
				9F82C1571EA3E87D0066CD59 /* mapview.swift */,
				9F82C1401EA3CF400066CD59 /* AppDelegate.swift */,
				9F82C1421EA3CF400066CD59 /* FirstViewController.swift */,
				9F82C1441EA3CF400066CD59 /* SecondViewController.swift */,
				9F82C1461EA3CF400066CD59 /* Main.storyboard */,
				9FFDD1CB1F5370B00002C8EC /* beerscellTableViewCell.swift */,
				9F86B3051F2BBA9D008A91AB /* infoViewController.swift */,
				9F22E1481F2E3EBD00EC0846 /* favTableViewController.swift */,
				9F325C4A1EAE27180017CCAD /* thurrockbeer.png */,
				9F325C481EAE26FA0017CCAD /* home.html */,
				9F903C781EAA480E00D7CA2C /* EntertainmentViewController.swift */,
				9F62EBFA1EA8D55E00770E94 /* FindusViewController.swift */,
				9F19495F1EA7E3D1000F409C /* BeerViewController.swift */,
				9F0D5E621EA614FC00702F45 /* SocialViewController.swift */,
				9F82C15B1EA42EF10066CD59 /* tabviewcontroller.swift */,
				9F82C1491EA3CF400066CD59 /* Assets.xcassets */,
				9F62EBFC1EA8DB2600770E94 /* d.html */,
				9F86B3001F2BA791008A91AB /* beers.xml */,
				9F82C14B1EA3CF400066CD59 /* LaunchScreen.storyboard */,
				9F7124DD1ED72F8D00764105 /* Band-List.pdf */,
				9F82C14E1EA3CF400066CD59 /* Info.plist */,
				9F82C1591EA422910066CD59 /* xml.swift */,
				9FC9F8211EED585F0096E237 /* Downloader.swift */,
				9F86B2FE1F2BA522008A91AB /* BeerTableViewController.swift */,
				9F456E801F36425000C7BC1D /* GoogleService-Info.plist */,
				9FEB90111F2E8A2A00F4CFBA /* t.txt */,
				9FFDD1D01F5383200002C8EC /* globals.swift */,
			);
			path = TBF;
			sourceTree = "<group>";
		};
		9F82C1541EA3D5560066CD59 /* Frameworks */ = {
			isa = PBXGroup;
			children = (
				9FFBA7B41F5C847300438F1D /* AssistantKit.framework */,
				9FFBA7B21F5C844F00438F1D /* AssistantKit.framework */,
				9F978FDA1F59BB66007D5573 /* Alamofire.framework */,
				9F86B2FA1F2BA22D008A91AB /* AEXML.framework */,
				9FC9F81F1EED58480096E237 /* SwiftCSV.framework */,
				9F903C761EAA379F00D7CA2C /* GoogleToolboxForMac.framework */,
				9F903C741EAA362900D7CA2C /* GoogleMobileAds.framework */,
				9F0E25D71EAA13B600E8C1F5 /* MessageUI.framework */,
				9F0E25D51EAA026C00E8C1F5 /* Pods_OneSignalNotificationServiceExtension.framework */,
				9F607A4B1EAA00AA00CB7C64 /* OneSignal.framework */,
				9F82C1551EA3D5560066CD59 /* MapKit.framework */,
				76A2A114FCFD773C2AC394E9 /* Pods_TBF.framework */,
				2D9D31210BB3906373B0EF79 /* Pods_OneSignalNotificationServiceExtension.framework */,
			);
			name = Frameworks;
			sourceTree = "<group>";
		};
/* End PBXGroup section */

/* Begin PBXNativeTarget section */
		9F607A3D1EA9FDBC00CB7C64 /* OneSignalNotificationServiceExtension */ = {
			isa = PBXNativeTarget;
			buildConfigurationList = 9F607A481EA9FDBC00CB7C64 /* Build configuration list for PBXNativeTarget "OneSignalNotificationServiceExtension" */;
			buildPhases = (
				EECE54E65191E545BDCA1FA6 /* [CP] Check Pods Manifest.lock */,
				9F607A3A1EA9FDBC00CB7C64 /* Sources */,
				9F607A3B1EA9FDBC00CB7C64 /* Frameworks */,
				9F607A3C1EA9FDBC00CB7C64 /* Resources */,
				291F42AFFB4530674E5456D4 /* [CP] Copy Pods Resources */,
			);
			buildRules = (
			);
			dependencies = (
			);
			name = OneSignalNotificationServiceExtension;
			productName = OneSignalNotificationServiceExtension;
			productReference = 9F607A3E1EA9FDBC00CB7C64 /* OneSignalNotificationServiceExtension.appex */;
			productType = "com.apple.product-type.app-extension";
		};
		9F82C13C1EA3CF400066CD59 /* TBF */ = {
			isa = PBXNativeTarget;
			buildConfigurationList = 9F82C1511EA3CF400066CD59 /* Build configuration list for PBXNativeTarget "TBF" */;
			buildPhases = (
				59EBC3C90C53ADD579F7947E /* [CP] Check Pods Manifest.lock */,
				9F82C1391EA3CF400066CD59 /* Sources */,
				9F82C13A1EA3CF400066CD59 /* Frameworks */,
				9F82C13B1EA3CF400066CD59 /* Resources */,
				CF562500E000AD4F5B8C47C3 /* [CP] Embed Pods Frameworks */,
				A1306C8A6CCB2FAEB7ECF78E /* [CP] Copy Pods Resources */,
				9F607A491EA9FDBC00CB7C64 /* Embed App Extensions */,
				9F58FFC01F5B5BA50016EBEF /* Embed Watch Content */,
			);
			buildRules = (
			);
			dependencies = (
				9F607A441EA9FDBC00CB7C64 /* PBXTargetDependency */,
			);
			name = TBF;
			productName = TBF;
			productReference = 9F82C13D1EA3CF400066CD59 /* TBF.app */;
			productType = "com.apple.product-type.application";
		};
/* End PBXNativeTarget section */

/* Begin PBXProject section */
		9F82C1351EA3CF400066CD59 /* Project object */ = {
			isa = PBXProject;
			attributes = {
				LastSwiftUpdateCheck = 0900;
				LastUpgradeCheck = 0900;
				ORGANIZATIONNAME = "Asa Bowes";
				TargetAttributes = {
					9F607A3D1EA9FDBC00CB7C64 = {
						CreatedOnToolsVersion = 8.3.2;
						DevelopmentTeam = R7Q2BBVHKW;
						LastSwiftMigration = 0900;
						ProvisioningStyle = Automatic;
					};
					9F82C13C1EA3CF400066CD59 = {
						CreatedOnToolsVersion = 8.3.1;
						DevelopmentTeam = R7Q2BBVHKW;
						LastSwiftMigration = 0900;
						ProvisioningStyle = Automatic;
						SystemCapabilities = {
							com.apple.ApplicationGroups.iOS = {
								enabled = 1;
							};
							com.apple.BackgroundModes = {
								enabled = 1;
							};
							com.apple.Maps.iOS = {
								enabled = 1;
							};
							com.apple.Push = {
								enabled = 1;
							};
						};
					};
				};
			};
			buildConfigurationList = 9F82C1381EA3CF400066CD59 /* Build configuration list for PBXProject "TBF" */;
			compatibilityVersion = "Xcode 3.2";
			developmentRegion = English;
			hasScannedForEncodings = 0;
			knownRegions = (
				en,
				Base,
			);
			mainGroup = 9F82C1341EA3CF400066CD59;
			productRefGroup = 9F82C13E1EA3CF400066CD59 /* Products */;
			projectDirPath = "";
			projectRoot = "";
			targets = (
				9F82C13C1EA3CF400066CD59 /* TBF */,
				9F607A3D1EA9FDBC00CB7C64 /* OneSignalNotificationServiceExtension */,
			);
		};
/* End PBXProject section */

/* Begin PBXResourcesBuildPhase section */
		9F607A3C1EA9FDBC00CB7C64 /* Resources */ = {
			isa = PBXResourcesBuildPhase;
			buildActionMask = 2147483647;
			files = (
			);
			runOnlyForDeploymentPostprocessing = 0;
		};
		9F82C13B1EA3CF400066CD59 /* Resources */ = {
			isa = PBXResourcesBuildPhase;
			buildActionMask = 2147483647;
			files = (
				9F456E811F3642BC00C7BC1D /* GoogleService-Info.plist in Resources */,
				9F86B3021F2BAFDF008A91AB /* beers.xml in Resources */,
				9F82C14D1EA3CF400066CD59 /* LaunchScreen.storyboard in Resources */,
				9F325C4B1EAE27190017CCAD /* thurrockbeer.png in Resources */,
				9FEB90121F2E8A2A00F4CFBA /* t.txt in Resources */,
				9F325C491EAE26FA0017CCAD /* home.html in Resources */,
				9FA6E9CE1EAA9EA9000EB7A8 /* ad.plist in Resources */,
				9F82C14A1EA3CF400066CD59 /* Assets.xcassets in Resources */,
				9F62EBFD1EA8DB2600770E94 /* d.html in Resources */,
				9FA6E9CC1EAA9B8A000EB7A8 /* Settings.bundle in Resources */,
				9F7124DE1ED72F8D00764105 /* Band-List.pdf in Resources */,
				9F82C1481EA3CF400066CD59 /* Main.storyboard in Resources */,
			);
			runOnlyForDeploymentPostprocessing = 0;
		};
/* End PBXResourcesBuildPhase section */

/* Begin PBXShellScriptBuildPhase section */
		291F42AFFB4530674E5456D4 /* [CP] Copy Pods Resources */ = {
			isa = PBXShellScriptBuildPhase;
			buildActionMask = 2147483647;
			files = (
			);
			inputPaths = (
			);
			name = "[CP] Copy Pods Resources";
			outputPaths = (
			);
			runOnlyForDeploymentPostprocessing = 0;
			shellPath = /bin/sh;
			shellScript = "\"${SRCROOT}/Pods/Target Support Files/Pods-OneSignalNotificationServiceExtension/Pods-OneSignalNotificationServiceExtension-resources.sh\"\n";
			showEnvVarsInLog = 0;
		};
		59EBC3C90C53ADD579F7947E /* [CP] Check Pods Manifest.lock */ = {
			isa = PBXShellScriptBuildPhase;
			buildActionMask = 2147483647;
			files = (
			);
			inputPaths = (
				"${PODS_PODFILE_DIR_PATH}/Podfile.lock",
				"${PODS_ROOT}/Manifest.lock",
			);
			name = "[CP] Check Pods Manifest.lock";
			outputPaths = (
				"$(DERIVED_FILE_DIR)/Pods-TBF-checkManifestLockResult.txt",
			);
			runOnlyForDeploymentPostprocessing = 0;
			shellPath = /bin/sh;
			shellScript = "diff \"${PODS_PODFILE_DIR_PATH}/Podfile.lock\" \"${PODS_ROOT}/Manifest.lock\" > /dev/null\nif [ $? != 0 ] ; then\n    # print error to STDERR\n    echo \"error: The sandbox is not in sync with the Podfile.lock. Run 'pod install' or update your CocoaPods installation.\" >&2\n    exit 1\nfi\n# This output is used by Xcode 'outputs' to avoid re-running this script phase.\necho \"SUCCESS\" > \"${SCRIPT_OUTPUT_FILE_0}\"\n";
			showEnvVarsInLog = 0;
		};
		A1306C8A6CCB2FAEB7ECF78E /* [CP] Copy Pods Resources */ = {
			isa = PBXShellScriptBuildPhase;
			buildActionMask = 2147483647;
			files = (
			);
			inputPaths = (
			);
			name = "[CP] Copy Pods Resources";
			outputPaths = (
			);
			runOnlyForDeploymentPostprocessing = 0;
			shellPath = /bin/sh;
			shellScript = "\"${SRCROOT}/Pods/Target Support Files/Pods-TBF/Pods-TBF-resources.sh\"\n";
			showEnvVarsInLog = 0;
		};
		CF562500E000AD4F5B8C47C3 /* [CP] Embed Pods Frameworks */ = {
			isa = PBXShellScriptBuildPhase;
			buildActionMask = 2147483647;
			files = (
			);
			inputPaths = (
				"${SRCROOT}/Pods/Target Support Files/Pods-TBF/Pods-TBF-frameworks.sh",
				"${BUILT_PRODUCTS_DIR}/AEXML/AEXML.framework",
				"${BUILT_PRODUCTS_DIR}/Alamofire/Alamofire.framework",
				"${BUILT_PRODUCTS_DIR}/AssistantKit/AssistantKit.framework",
				"${BUILT_PRODUCTS_DIR}/GoogleToolboxForMac/GoogleToolboxForMac.framework",
				"${BUILT_PRODUCTS_DIR}/SWXMLHash/SWXMLHash.framework",
				"${BUILT_PRODUCTS_DIR}/nanopb/nanopb.framework",
			);
			name = "[CP] Embed Pods Frameworks";
			outputPaths = (
				"${TARGET_BUILD_DIR}/${FRAMEWORKS_FOLDER_PATH}/AEXML.framework",
				"${TARGET_BUILD_DIR}/${FRAMEWORKS_FOLDER_PATH}/Alamofire.framework",
				"${TARGET_BUILD_DIR}/${FRAMEWORKS_FOLDER_PATH}/AssistantKit.framework",
				"${TARGET_BUILD_DIR}/${FRAMEWORKS_FOLDER_PATH}/GoogleToolboxForMac.framework",
				"${TARGET_BUILD_DIR}/${FRAMEWORKS_FOLDER_PATH}/SWXMLHash.framework",
				"${TARGET_BUILD_DIR}/${FRAMEWORKS_FOLDER_PATH}/nanopb.framework",
			);
			runOnlyForDeploymentPostprocessing = 0;
			shellPath = /bin/sh;
			shellScript = "\"${SRCROOT}/Pods/Target Support Files/Pods-TBF/Pods-TBF-frameworks.sh\"\n";
			showEnvVarsInLog = 0;
		};
		EECE54E65191E545BDCA1FA6 /* [CP] Check Pods Manifest.lock */ = {
			isa = PBXShellScriptBuildPhase;
			buildActionMask = 2147483647;
			files = (
			);
			inputPaths = (
				"${PODS_PODFILE_DIR_PATH}/Podfile.lock",
				"${PODS_ROOT}/Manifest.lock",
			);
			name = "[CP] Check Pods Manifest.lock";
			outputPaths = (
				"$(DERIVED_FILE_DIR)/Pods-OneSignalNotificationServiceExtension-checkManifestLockResult.txt",
			);
			runOnlyForDeploymentPostprocessing = 0;
			shellPath = /bin/sh;
			shellScript = "diff \"${PODS_PODFILE_DIR_PATH}/Podfile.lock\" \"${PODS_ROOT}/Manifest.lock\" > /dev/null\nif [ $? != 0 ] ; then\n    # print error to STDERR\n    echo \"error: The sandbox is not in sync with the Podfile.lock. Run 'pod install' or update your CocoaPods installation.\" >&2\n    exit 1\nfi\n# This output is used by Xcode 'outputs' to avoid re-running this script phase.\necho \"SUCCESS\" > \"${SCRIPT_OUTPUT_FILE_0}\"\n";
			showEnvVarsInLog = 0;
		};
/* End PBXShellScriptBuildPhase section */

/* Begin PBXSourcesBuildPhase section */
		9F607A3A1EA9FDBC00CB7C64 /* Sources */ = {
			isa = PBXSourcesBuildPhase;
			buildActionMask = 2147483647;
			files = (
				9F607A411EA9FDBC00CB7C64 /* NotificationService.swift in Sources */,
			);
			runOnlyForDeploymentPostprocessing = 0;
		};
		9F82C1391EA3CF400066CD59 /* Sources */ = {
			isa = PBXSourcesBuildPhase;
			buildActionMask = 2147483647;
			files = (
				9F22E1491F2E3EBE00EC0846 /* favTableViewController.swift in Sources */,
				9FC9F8221EED585F0096E237 /* Downloader.swift in Sources */,
				9F86B3061F2BBA9D008A91AB /* infoViewController.swift in Sources */,
				9F82C1451EA3CF400066CD59 /* SecondViewController.swift in Sources */,
				9F82C1581EA3E87D0066CD59 /* mapview.swift in Sources */,
				9F62EBFB1EA8D55E00770E94 /* FindusViewController.swift in Sources */,
				9F82C15A1EA422910066CD59 /* xml.swift in Sources */,
				9F86B2FF1F2BA522008A91AB /* BeerTableViewController.swift in Sources */,
				9F1949601EA7E3D1000F409C /* BeerViewController.swift in Sources */,
				9F82C1411EA3CF400066CD59 /* AppDelegate.swift in Sources */,
				9FFDD1CC1F5370B00002C8EC /* beerscellTableViewCell.swift in Sources */,
				9F0D5E631EA614FC00702F45 /* SocialViewController.swift in Sources */,
				9F903C791EAA480E00D7CA2C /* EntertainmentViewController.swift in Sources */,
				9F82C15C1EA42EF10066CD59 /* tabviewcontroller.swift in Sources */,
				9FFDD1D11F5383200002C8EC /* globals.swift in Sources */,
				9F82C1431EA3CF400066CD59 /* FirstViewController.swift in Sources */,
			);
			runOnlyForDeploymentPostprocessing = 0;
		};
/* End PBXSourcesBuildPhase section */

/* Begin PBXTargetDependency section */
		9F607A441EA9FDBC00CB7C64 /* PBXTargetDependency */ = {
			isa = PBXTargetDependency;
			target = 9F607A3D1EA9FDBC00CB7C64 /* OneSignalNotificationServiceExtension */;
			targetProxy = 9F607A431EA9FDBC00CB7C64 /* PBXContainerItemProxy */;
		};
/* End PBXTargetDependency section */

/* Begin PBXVariantGroup section */
		9F82C1461EA3CF400066CD59 /* Main.storyboard */ = {
			isa = PBXVariantGroup;
			children = (
				9F82C1471EA3CF400066CD59 /* Base */,
			);
			name = Main.storyboard;
			sourceTree = "<group>";
		};
		9F82C14B1EA3CF400066CD59 /* LaunchScreen.storyboard */ = {
			isa = PBXVariantGroup;
			children = (
				9F82C14C1EA3CF400066CD59 /* Base */,
			);
			name = LaunchScreen.storyboard;
			sourceTree = "<group>";
		};
/* End PBXVariantGroup section */

/* Begin XCBuildConfiguration section */
		9F607A471EA9FDBC00CB7C64 /* Release */ = {
			isa = XCBuildConfiguration;
			baseConfigurationReference = 267C5D6DE526132AF3171F1A /* Pods-OneSignalNotificationServiceExtension.release.xcconfig */;
			buildSettings = {
				DEVELOPMENT_TEAM = R7Q2BBVHKW;
				INFOPLIST_FILE = OneSignalNotificationServiceExtension/Info.plist;
				IPHONEOS_DEPLOYMENT_TARGET = 10.0;
				LD_RUNPATH_SEARCH_PATHS = "$(inherited) @executable_path/Frameworks @executable_path/../../Frameworks";
				PRODUCT_BUNDLE_IDENTIFIER = com.podycust.TBF.OneSignalNotificationServiceExtension;
				PRODUCT_NAME = "$(TARGET_NAME)";
				SKIP_INSTALL = YES;
				SWIFT_SWIFT3_OBJC_INFERENCE = On;
				SWIFT_VERSION = 4.0;
			};
			name = Release;
		};
		9F82C1501EA3CF400066CD59 /* Release */ = {
			isa = XCBuildConfiguration;
			buildSettings = {
				ALWAYS_SEARCH_USER_PATHS = NO;
				CLANG_ANALYZER_NONNULL = YES;
				CLANG_ANALYZER_NUMBER_OBJECT_CONVERSION = YES_AGGRESSIVE;
				CLANG_CXX_LANGUAGE_STANDARD = "gnu++0x";
				CLANG_CXX_LIBRARY = "libc++";
				CLANG_ENABLE_MODULES = YES;
				CLANG_ENABLE_OBJC_ARC = YES;
				CLANG_WARN_BLOCK_CAPTURE_AUTORELEASING = YES;
				CLANG_WARN_BOOL_CONVERSION = YES;
				CLANG_WARN_COMMA = YES;
				CLANG_WARN_CONSTANT_CONVERSION = YES;
				CLANG_WARN_DIRECT_OBJC_ISA_USAGE = YES_ERROR;
				CLANG_WARN_DOCUMENTATION_COMMENTS = YES;
				CLANG_WARN_EMPTY_BODY = YES;
				CLANG_WARN_ENUM_CONVERSION = YES;
				CLANG_WARN_INFINITE_RECURSION = YES;
				CLANG_WARN_INT_CONVERSION = YES;
				CLANG_WARN_NON_LITERAL_NULL_CONVERSION = YES;
				CLANG_WARN_OBJC_LITERAL_CONVERSION = YES;
				CLANG_WARN_OBJC_ROOT_CLASS = YES_ERROR;
				CLANG_WARN_RANGE_LOOP_ANALYSIS = YES;
				CLANG_WARN_STRICT_PROTOTYPES = YES;
				CLANG_WARN_SUSPICIOUS_MOVE = YES;
				CLANG_WARN_UNREACHABLE_CODE = YES;
				CLANG_WARN__DUPLICATE_METHOD_MATCH = YES;
				"CODE_SIGN_IDENTITY[sdk=iphoneos*]" = "iPhone Developer";
				COPY_PHASE_STRIP = NO;
				DEBUG_INFORMATION_FORMAT = "dwarf-with-dsym";
				ENABLE_NS_ASSERTIONS = NO;
				ENABLE_STRICT_OBJC_MSGSEND = YES;
				GCC_C_LANGUAGE_STANDARD = gnu99;
				GCC_NO_COMMON_BLOCKS = YES;
				GCC_WARN_64_TO_32_BIT_CONVERSION = YES;
				GCC_WARN_ABOUT_RETURN_TYPE = YES_ERROR;
				GCC_WARN_UNDECLARED_SELECTOR = YES;
				GCC_WARN_UNINITIALIZED_AUTOS = YES_AGGRESSIVE;
				GCC_WARN_UNUSED_FUNCTION = YES;
				GCC_WARN_UNUSED_VARIABLE = YES;
				IPHONEOS_DEPLOYMENT_TARGET = 10.3;
				MTL_ENABLE_DEBUG_INFO = NO;
				SDKROOT = iphoneos;
				SWIFT_OPTIMIZATION_LEVEL = "-Owholemodule";
				TARGETED_DEVICE_FAMILY = "1,2";
				VALIDATE_PRODUCT = YES;
			};
			name = Release;
		};
		9F82C1531EA3CF400066CD59 /* Release */ = {
			isa = XCBuildConfiguration;
			baseConfigurationReference = 7C64D827A8E3E56D33978520 /* Pods-TBF.release.xcconfig */;
			buildSettings = {
				ALWAYS_EMBED_SWIFT_STANDARD_LIBRARIES = YES;
				ASSETCATALOG_COMPILER_APPICON_NAME = AppIcon;
				CODE_SIGN_ENTITLEMENTS = TBF/TBF.entitlements;
				DEVELOPMENT_TEAM = R7Q2BBVHKW;
				FRAMEWORK_SEARCH_PATHS = (
					"$(inherited)",
					"$(PROJECT_DIR)/Pods/OneSignal/iOS_SDK/OneSignalSDK/Framework",
					"$(PROJECT_DIR)/build/Debug-iphoneos",
					"$(PROJECT_DIR)",
					"$(PROJECT_DIR)/build/Debug-iphoneos/GoogleToolboxForMac",
					"$(PROJECT_DIR)/build/Debug-iphoneos/Alamofire",
				);
				INFOPLIST_FILE = TBF/Info.plist;
				IPHONEOS_DEPLOYMENT_TARGET = 9.3;
				LD_RUNPATH_SEARCH_PATHS = "$(inherited) @executable_path/Frameworks";
				PRODUCT_BUNDLE_IDENTIFIER = com.podycust.TBF;
				PRODUCT_NAME = "$(TARGET_NAME)";
				SWIFT_SWIFT3_OBJC_INFERENCE = On;
				SWIFT_VERSION = 4.0;
			};
			name = Release;
		};
		9FA733DC1F3666C5000195B6 /* Debug */ = {
			isa = XCBuildConfiguration;
			buildSettings = {
				ALWAYS_SEARCH_USER_PATHS = NO;
				CLANG_ANALYZER_NONNULL = YES;
				CLANG_ANALYZER_NUMBER_OBJECT_CONVERSION = YES_AGGRESSIVE;
				CLANG_CXX_LANGUAGE_STANDARD = "gnu++0x";
				CLANG_CXX_LIBRARY = "libc++";
				CLANG_ENABLE_MODULES = YES;
				CLANG_ENABLE_OBJC_ARC = YES;
				CLANG_WARN_BLOCK_CAPTURE_AUTORELEASING = YES;
				CLANG_WARN_BOOL_CONVERSION = YES;
				CLANG_WARN_COMMA = YES;
				CLANG_WARN_CONSTANT_CONVERSION = YES;
				CLANG_WARN_DIRECT_OBJC_ISA_USAGE = YES_ERROR;
				CLANG_WARN_DOCUMENTATION_COMMENTS = YES;
				CLANG_WARN_EMPTY_BODY = YES;
				CLANG_WARN_ENUM_CONVERSION = YES;
				CLANG_WARN_INFINITE_RECURSION = YES;
				CLANG_WARN_INT_CONVERSION = YES;
				CLANG_WARN_NON_LITERAL_NULL_CONVERSION = YES;
				CLANG_WARN_OBJC_LITERAL_CONVERSION = YES;
				CLANG_WARN_OBJC_ROOT_CLASS = YES_ERROR;
				CLANG_WARN_RANGE_LOOP_ANALYSIS = YES;
				CLANG_WARN_STRICT_PROTOTYPES = YES;
				CLANG_WARN_SUSPICIOUS_MOVE = YES;
				CLANG_WARN_UNREACHABLE_CODE = YES;
				CLANG_WARN__DUPLICATE_METHOD_MATCH = YES;
				"CODE_SIGN_IDENTITY[sdk=iphoneos*]" = "iPhone Developer";
				COPY_PHASE_STRIP = NO;
				DEBUG_INFORMATION_FORMAT = "dwarf-with-dsym";
				ENABLE_NS_ASSERTIONS = NO;
				ENABLE_STRICT_OBJC_MSGSEND = YES;
				ENABLE_TESTABILITY = YES;
				GCC_C_LANGUAGE_STANDARD = gnu99;
				GCC_NO_COMMON_BLOCKS = YES;
				GCC_WARN_64_TO_32_BIT_CONVERSION = YES;
				GCC_WARN_ABOUT_RETURN_TYPE = YES_ERROR;
				GCC_WARN_UNDECLARED_SELECTOR = YES;
				GCC_WARN_UNINITIALIZED_AUTOS = YES_AGGRESSIVE;
				GCC_WARN_UNUSED_FUNCTION = YES;
				GCC_WARN_UNUSED_VARIABLE = YES;
				IPHONEOS_DEPLOYMENT_TARGET = 10.3;
				MTL_ENABLE_DEBUG_INFO = NO;
				ONLY_ACTIVE_ARCH = YES;
				SDKROOT = iphoneos;
				SWIFT_OPTIMIZATION_LEVEL = "-Owholemodule";
				TARGETED_DEVICE_FAMILY = "1,2";
				VALIDATE_PRODUCT = YES;
			};
			name = Debug;
		};
		9FA733DD1F3666C5000195B6 /* Debug */ = {
			isa = XCBuildConfiguration;
			baseConfigurationReference = 268E7CE72BB10DA3407CD095 /* Pods-TBF.debug.xcconfig */;
			buildSettings = {
				ALWAYS_EMBED_SWIFT_STANDARD_LIBRARIES = YES;
				ASSETCATALOG_COMPILER_APPICON_NAME = AppIcon;
				CODE_SIGN_ENTITLEMENTS = TBF/TBF.entitlements;
				DEVELOPMENT_TEAM = R7Q2BBVHKW;
				FRAMEWORK_SEARCH_PATHS = (
					"$(inherited)",
					"$(PROJECT_DIR)/Pods/OneSignal/iOS_SDK/OneSignalSDK/Framework",
					"$(PROJECT_DIR)/build/Debug-iphoneos",
					"$(PROJECT_DIR)",
					"$(PROJECT_DIR)/build/Debug-iphoneos/GoogleToolboxForMac",
					"$(PROJECT_DIR)/build/Debug-iphoneos/Alamofire",
				);
				INFOPLIST_FILE = TBF/Info.plist;
				IPHONEOS_DEPLOYMENT_TARGET = 9.3;
				LD_RUNPATH_SEARCH_PATHS = "$(inherited) @executable_path/Frameworks";
				PRODUCT_BUNDLE_IDENTIFIER = com.podycust.TBF;
				PRODUCT_NAME = "$(TARGET_NAME)";
				SWIFT_SWIFT3_OBJC_INFERENCE = On;
				SWIFT_VERSION = 4.0;
			};
			name = Debug;
		};
		9FA733DE1F3666C5000195B6 /* Debug */ = {
			isa = XCBuildConfiguration;
			baseConfigurationReference = 85EF1FAEBDBABF2CA5E44290 /* Pods-OneSignalNotificationServiceExtension.debug.xcconfig */;
			buildSettings = {
				DEVELOPMENT_TEAM = R7Q2BBVHKW;
				INFOPLIST_FILE = OneSignalNotificationServiceExtension/Info.plist;
				IPHONEOS_DEPLOYMENT_TARGET = 10.0;
				LD_RUNPATH_SEARCH_PATHS = "$(inherited) @executable_path/Frameworks @executable_path/../../Frameworks";
				PRODUCT_BUNDLE_IDENTIFIER = com.podycust.TBF.OneSignalNotificationServiceExtension;
				PRODUCT_NAME = "$(TARGET_NAME)";
				SKIP_INSTALL = YES;
				SWIFT_SWIFT3_OBJC_INFERENCE = On;
				SWIFT_VERSION = 4.0;
			};
			name = Debug;
		};
/* End XCBuildConfiguration section */

/* Begin XCConfigurationList section */
		9F607A481EA9FDBC00CB7C64 /* Build configuration list for PBXNativeTarget "OneSignalNotificationServiceExtension" */ = {
			isa = XCConfigurationList;
			buildConfigurations = (
				9F607A471EA9FDBC00CB7C64 /* Release */,
				9FA733DE1F3666C5000195B6 /* Debug */,
			);
			defaultConfigurationIsVisible = 0;
			defaultConfigurationName = Release;
		};
		9F82C1381EA3CF400066CD59 /* Build configuration list for PBXProject "TBF" */ = {
			isa = XCConfigurationList;
			buildConfigurations = (
				9F82C1501EA3CF400066CD59 /* Release */,
				9FA733DC1F3666C5000195B6 /* Debug */,
			);
			defaultConfigurationIsVisible = 0;
			defaultConfigurationName = Release;
		};
		9F82C1511EA3CF400066CD59 /* Build configuration list for PBXNativeTarget "TBF" */ = {
			isa = XCConfigurationList;
			buildConfigurations = (
				9F82C1531EA3CF400066CD59 /* Release */,
				9FA733DD1F3666C5000195B6 /* Debug */,
			);
			defaultConfigurationIsVisible = 0;
			defaultConfigurationName = Release;
		};
/* End XCConfigurationList section */
	};
	rootObject = 9F82C1351EA3CF400066CD59 /* Project object */;
}
